// !$*UTF8*$!
{
	archiveVersion = 1;
	classes = {
	};
	objectVersion = 46;
	objects = {

/* Begin PBXBuildFile section */
		1B602BB71F4798D5E3C7A763 /* Pods_taskapp.framework in Frameworks */ = {isa = PBXBuildFile; fileRef = 0B81BC8A3334991752121A9A /* Pods_taskapp.framework */; };
		70470AD61EEFDF1800708D0B /* InputViewController.swift in Sources */ = {isa = PBXBuildFile; fileRef = 70470AD51EEFDF1800708D0B /* InputViewController.swift */; };
		70AFC5441EF10AC900AFB651 /* Task.swift in Sources */ = {isa = PBXBuildFile; fileRef = 70AFC5431EF10AC900AFB651 /* Task.swift */; };
		70E6DDDC1EE92709003014AB /* AppDelegate.swift in Sources */ = {isa = PBXBuildFile; fileRef = 70E6DDDB1EE92709003014AB /* AppDelegate.swift */; };
		70E6DDDE1EE92709003014AB /* ViewController.swift in Sources */ = {isa = PBXBuildFile; fileRef = 70E6DDDD1EE92709003014AB /* ViewController.swift */; };
		70E6DDE11EE92709003014AB /* Main.storyboard in Resources */ = {isa = PBXBuildFile; fileRef = 70E6DDDF1EE92709003014AB /* Main.storyboard */; };
		70E6DDE31EE92709003014AB /* Assets.xcassets in Resources */ = {isa = PBXBuildFile; fileRef = 70E6DDE21EE92709003014AB /* Assets.xcassets */; };
		70E6DDE61EE92709003014AB /* LaunchScreen.storyboard in Resources */ = {isa = PBXBuildFile; fileRef = 70E6DDE41EE92709003014AB /* LaunchScreen.storyboard */; };
/* End PBXBuildFile section */

/* Begin PBXFileReference section */
		0831356CCF6D2F1D1A8E477A /* Pods-taskapp.debug.xcconfig */ = {isa = PBXFileReference; includeInIndex = 1; lastKnownFileType = text.xcconfig; name = "Pods-taskapp.debug.xcconfig"; path = "Pods/Target Support Files/Pods-taskapp/Pods-taskapp.debug.xcconfig"; sourceTree = "<group>"; };
		0B81BC8A3334991752121A9A /* Pods_taskapp.framework */ = {isa = PBXFileReference; explicitFileType = wrapper.framework; includeInIndex = 0; path = Pods_taskapp.framework; sourceTree = BUILT_PRODUCTS_DIR; };
		4D68C94F387050AAB2DF1BA8 /* Pods-taskapp.release.xcconfig */ = {isa = PBXFileReference; includeInIndex = 1; lastKnownFileType = text.xcconfig; name = "Pods-taskapp.release.xcconfig"; path = "Pods/Target Support Files/Pods-taskapp/Pods-taskapp.release.xcconfig"; sourceTree = "<group>"; };
		70470AD51EEFDF1800708D0B /* InputViewController.swift */ = {isa = PBXFileReference; fileEncoding = 4; lastKnownFileType = sourcecode.swift; path = InputViewController.swift; sourceTree = "<group>"; };
		70AFC5431EF10AC900AFB651 /* Task.swift */ = {isa = PBXFileReference; fileEncoding = 4; lastKnownFileType = sourcecode.swift; path = Task.swift; sourceTree = "<group>"; };
		70E6DDD81EE92708003014AB /* taskapp.app */ = {isa = PBXFileReference; explicitFileType = wrapper.application; includeInIndex = 0; path = taskapp.app; sourceTree = BUILT_PRODUCTS_DIR; };
		70E6DDDB1EE92709003014AB /* AppDelegate.swift */ = {isa = PBXFileReference; lastKnownFileType = sourcecode.swift; path = AppDelegate.swift; sourceTree = "<group>"; };
		70E6DDDD1EE92709003014AB /* ViewController.swift */ = {isa = PBXFileReference; lastKnownFileType = sourcecode.swift; path = ViewController.swift; sourceTree = "<group>"; };
		70E6DDE01EE92709003014AB /* Base */ = {isa = PBXFileReference; lastKnownFileType = file.storyboard; name = Base; path = Base.lproj/Main.storyboard; sourceTree = "<group>"; };
		70E6DDE21EE92709003014AB /* Assets.xcassets */ = {isa = PBXFileReference; lastKnownFileType = folder.assetcatalog; path = Assets.xcassets; sourceTree = "<group>"; };
		70E6DDE51EE92709003014AB /* Base */ = {isa = PBXFileReference; lastKnownFileType = file.storyboard; name = Base; path = Base.lproj/LaunchScreen.storyboard; sourceTree = "<group>"; };
		70E6DDE71EE92709003014AB /* Info.plist */ = {isa = PBXFileReference; lastKnownFileType = text.plist.xml; path = Info.plist; sourceTree = "<group>"; };
/* End PBXFileReference section */

/* Begin PBXFrameworksBuildPhase section */
		70E6DDD51EE92708003014AB /* Frameworks */ = {
			isa = PBXFrameworksBuildPhase;
			buildActionMask = 2147483647;
			files = (
				1B602BB71F4798D5E3C7A763 /* Pods_taskapp.framework in Frameworks */,
			);
			runOnlyForDeploymentPostprocessing = 0;
		};
/* End PBXFrameworksBuildPhase section */

/* Begin PBXGroup section */
		3E1D5952BD45BEC6C810FEBE /* Pods */ = {
			isa = PBXGroup;
			children = (
				0831356CCF6D2F1D1A8E477A /* Pods-taskapp.debug.xcconfig */,
				4D68C94F387050AAB2DF1BA8 /* Pods-taskapp.release.xcconfig */,
			);
			name = Pods;
			sourceTree = "<group>";
		};
		698CB9BD261090F0D147735F /* Frameworks */ = {
			isa = PBXGroup;
			children = (
				0B81BC8A3334991752121A9A /* Pods_taskapp.framework */,
			);
			name = Frameworks;
			sourceTree = "<group>";
		};
		70E6DDCF1EE92708003014AB = {
			isa = PBXGroup;
			children = (
				70E6DDDA1EE92708003014AB /* taskapp */,
				70E6DDD91EE92708003014AB /* Products */,
				3E1D5952BD45BEC6C810FEBE /* Pods */,
				698CB9BD261090F0D147735F /* Frameworks */,
			);
			sourceTree = "<group>";
		};
		70E6DDD91EE92708003014AB /* Products */ = {
			isa = PBXGroup;
			children = (
				70E6DDD81EE92708003014AB /* taskapp.app */,
			);
			name = Products;
			sourceTree = "<group>";
		};
		70E6DDDA1EE92708003014AB /* taskapp */ = {
			isa = PBXGroup;
			children = (
				70E6DDDB1EE92709003014AB /* AppDelegate.swift */,
				70AFC5431EF10AC900AFB651 /* Task.swift */,
				70E6DDDD1EE92709003014AB /* ViewController.swift */,
				70470AD51EEFDF1800708D0B /* InputViewController.swift */,
				70E6DDDF1EE92709003014AB /* Main.storyboard */,
				70E6DDE21EE92709003014AB /* Assets.xcassets */,
				70E6DDE41EE92709003014AB /* LaunchScreen.storyboard */,
				70E6DDE71EE92709003014AB /* Info.plist */,
			);
			path = taskapp;
			sourceTree = "<group>";
		};
/* End PBXGroup section */

/* Begin PBXNativeTarget section */
		70E6DDD71EE92708003014AB /* taskapp */ = {
			isa = PBXNativeTarget;
			buildConfigurationList = 70E6DDEA1EE92709003014AB /* Build configuration list for PBXNativeTarget "taskapp" */;
			buildPhases = (
				976F198A864A2010B01CD7DE /* [CP] Check Pods Manifest.lock */,
				70E6DDD41EE92708003014AB /* Sources */,
				70E6DDD51EE92708003014AB /* Frameworks */,
				70E6DDD61EE92708003014AB /* Resources */,
				CC8918C80F279365DEFDEA78 /* [CP] Embed Pods Frameworks */,
				0F853668582785A9EC8F70B1 /* [CP] Copy Pods Resources */,
			);
			buildRules = (
			);
			dependencies = (
			);
			name = taskapp;
			productName = taskapp;
			productReference = 70E6DDD81EE92708003014AB /* taskapp.app */;
			productType = "com.apple.product-type.application";
		};
/* End PBXNativeTarget section */

/* Begin PBXProject section */
		70E6DDD01EE92708003014AB /* Project object */ = {
			isa = PBXProject;
			attributes = {
				LastSwiftUpdateCheck = 0820;
				LastUpgradeCheck = 0820;
				ORGANIZATIONNAME = naochika.yonezumi;
				TargetAttributes = {
					70E6DDD71EE92708003014AB = {
						CreatedOnToolsVersion = 8.2.1;
						DevelopmentTeam = 7LJAU9YVYL;
						ProvisioningStyle = Automatic;
					};
				};
			};
			buildConfigurationList = 70E6DDD31EE92708003014AB /* Build configuration list for PBXProject "taskapp" */;
			compatibilityVersion = "Xcode 3.2";
			developmentRegion = English;
			hasScannedForEncodings = 0;
			knownRegions = (
				en,
				Base,
			);
			mainGroup = 70E6DDCF1EE92708003014AB;
			productRefGroup = 70E6DDD91EE92708003014AB /* Products */;
			projectDirPath = "";
			projectRoot = "";
			targets = (
				70E6DDD71EE92708003014AB /* taskapp */,
			);
		};
/* End PBXProject section */

/* Begin PBXResourcesBuildPhase section */
		70E6DDD61EE92708003014AB /* Resources */ = {
			isa = PBXResourcesBuildPhase;
			buildActionMask = 2147483647;
			files = (
				70E6DDE61EE92709003014AB /* LaunchScreen.storyboard in Resources */,
				70E6DDE31EE92709003014AB /* Assets.xcassets in Resources */,
				70E6DDE11EE92709003014AB /* Main.storyboard in Resources */,
			);
			runOnlyForDeploymentPostprocessing = 0;
		};
/* End PBXResourcesBuildPhase section */

/* Begin PBXShellScriptBuildPhase section */
		0F853668582785A9EC8F70B1 /* [CP] Copy Pods Resources */ = {
			isa = PBXShellScriptBuildPhase;
			buildActionMask = 2147483647;
			files = (
			);
			inputPaths = (
			);
			name = "[CP] Copy Pods Resources";
			outputPaths = (
			);
			runOnlyForDeploymentPostprocessing = 0;
			shellPath = /bin/sh;
			shellScript = "\"${SRCROOT}/Pods/Target Support Files/Pods-taskapp/Pods-taskapp-resources.sh\"\n";
			showEnvVarsInLog = 0;
		};
		976F198A864A2010B01CD7DE /* [CP] Check Pods Manifest.lock */ = {
			isa = PBXShellScriptBuildPhase;
			buildActionMask = 2147483647;
			files = (
			);
			inputPaths = (
			);
			name = "[CP] Check Pods Manifest.lock";
			outputPaths = (
			);
			runOnlyForDeploymentPostprocessing = 0;
			shellPath = /bin/sh;
			shellScript = "diff \"${PODS_ROOT}/../Podfile.lock\" \"${PODS_ROOT}/Manifest.lock\" > /dev/null\nif [ $? != 0 ] ; then\n    # print error to STDERR\n    echo \"error: The sandbox is not in sync with the Podfile.lock. Run 'pod install' or update your CocoaPods installation.\" >&2\n    exit 1\nfi\n";
			showEnvVarsInLog = 0;
		};
		CC8918C80F279365DEFDEA78 /* [CP] Embed Pods Frameworks */ = {
			isa = PBXShellScriptBuildPhase;
			buildActionMask = 2147483647;
			files = (
			);
			inputPaths = (
			);
			name = "[CP] Embed Pods Frameworks";
			outputPaths = (
			);
			runOnlyForDeploymentPostprocessing = 0;
			shellPath = /bin/sh;
			shellScript = "\"${SRCROOT}/Pods/Target Support Files/Pods-taskapp/Pods-taskapp-frameworks.sh\"\n";
			showEnvVarsInLog = 0;
		};
/* End PBXShellScriptBuildPhase section */

/* Begin PBXSourcesBuildPhase section */
		70E6DDD41EE92708003014AB /* Sources */ = {
			isa = PBXSourcesBuildPhase;
			buildActionMask = 2147483647;
			files = (
				70AFC5441EF10AC900AFB651 /* Task.swift in Sources */,
				70470AD61EEFDF1800708D0B /* InputViewController.swift in Sources */,
				70E6DDDE1EE92709003014AB /* ViewController.swift in Sources */,
				70E6DDDC1EE92709003014AB /* AppDelegate.swift in Sources */,
			);
			runOnlyForDeploymentPostprocessing = 0;
		};
/* End PBXSourcesBuildPhase section */

/* Begin PBXVariantGroup section */
		70E6DDDF1EE92709003014AB /* Main.storyboard */ = {
			isa = PBXVariantGroup;
			children = (
				70E6DDE01EE92709003014AB /* Base */,
			);
			name = Main.storyboard;
			sourceTree = "<group>";
		};
		70E6DDE41EE92709003014AB /* LaunchScreen.storyboard */ = {
			isa = PBXVariantGroup;
			children = (
				70E6DDE51EE92709003014AB /* Base */,
			);
			name = LaunchScreen.storyboard;
			sourceTree = "<group>";
		};
/* End PBXVariantGroup section */

/* Begin XCBuildConfiguration section */
		70E6DDE81EE92709003014AB /* Debug */ = {
			isa = XCBuildConfiguration;
			buildSettings = {
				ALWAYS_SEARCH_USER_PATHS = NO;
				CLANG_ANALYZER_NONNULL = YES;
				CLANG_CXX_LANGUAGE_STANDARD = "gnu++0x";
				CLANG_CXX_LIBRARY = "libc++";
				CLANG_ENABLE_MODULES = YES;
				CLANG_ENABLE_OBJC_ARC = YES;
				CLANG_WARN_BOOL_CONVERSION = YES;
				CLANG_WARN_CONSTANT_CONVERSION = YES;
				CLANG_WARN_DIRECT_OBJC_ISA_USAGE = YES_ERROR;
				CLANG_WARN_DOCUMENTATION_COMMENTS = YES;
				CLANG_WARN_EMPTY_BODY = YES;
				CLANG_WARN_ENUM_CONVERSION = YES;
				CLANG_WARN_INFINITE_RECURSION = YES;
				CLANG_WARN_INT_CONVERSION = YES;
				CLANG_WARN_OBJC_ROOT_CLASS = YES_ERROR;
				CLANG_WARN_SUSPICIOUS_MOVE = YES;
				CLANG_WARN_UNREACHABLE_CODE = YES;
				CLANG_WARN__DUPLICATE_METHOD_MATCH = YES;
				"CODE_SIGN_IDENTITY[sdk=iphoneos*]" = "iPhone Developer";
				COPY_PHASE_STRIP = NO;
				DEBUG_INFORMATION_FORMAT = dwarf;
				ENABLE_STRICT_OBJC_MSGSEND = YES;
				ENABLE_TESTABILITY = YES;
				GCC_C_LANGUAGE_STANDARD = gnu99;
				GCC_DYNAMIC_NO_PIC = NO;
				GCC_NO_COMMON_BLOCKS = YES;
				GCC_OPTIMIZATION_LEVEL = 0;
				GCC_PREPROCESSOR_DEFINITIONS = (
					"DEBUG=1",
					"$(inherited)",
				);
				GCC_WARN_64_TO_32_BIT_CONVERSION = YES;
				GCC_WARN_ABOUT_RETURN_TYPE = YES_ERROR;
				GCC_WARN_UNDECLARED_SELECTOR = YES;
				GCC_WARN_UNINITIALIZED_AUTOS = YES_AGGRESSIVE;
				GCC_WARN_UNUSED_FUNCTION = YES;
				GCC_WARN_UNUSED_VARIABLE = YES;
				IPHONEOS_DEPLOYMENT_TARGET = 10.2;
				MTL_ENABLE_DEBUG_INFO = YES;
				ONLY_ACTIVE_ARCH = YES;
				SDKROOT = iphoneos;
				SWIFT_ACTIVE_COMPILATION_CONDITIONS = DEBUG;
				SWIFT_OPTIMIZATION_LEVEL = "-Onone";
			};
			name = Debug;
		};
		70E6DDE91EE92709003014AB /* Release */ = {
			isa = XCBuildConfiguration;
			buildSettings = {
				ALWAYS_SEARCH_USER_PATHS = NO;
				CLANG_ANALYZER_NONNULL = YES;
				CLANG_CXX_LANGUAGE_STANDARD = "gnu++0x";
				CLANG_CXX_LIBRARY = "libc++";
				CLANG_ENABLE_MODULES = YES;
				CLANG_ENABLE_OBJC_ARC = YES;
				CLANG_WARN_BOOL_CONVERSION = YES;
				CLANG_WARN_CONSTANT_CONVERSION = YES;
				CLANG_WARN_DIRECT_OBJC_ISA_USAGE = YES_ERROR;
				CLANG_WARN_DOCUMENTATION_COMMENTS = YES;
				CLANG_WARN_EMPTY_BODY = YES;
				CLANG_WARN_ENUM_CONVERSION = YES;
				CLANG_WARN_INFINITE_RECURSION = YES;
				CLANG_WARN_INT_CONVERSION = YES;
				CLANG_WARN_OBJC_ROOT_CLASS = YES_ERROR;
				CLANG_WARN_SUSPICIOUS_MOVE = YES;
				CLANG_WARN_UNREACHABLE_CODE = YES;
				CLANG_WARN__DUPLICATE_METHOD_MATCH = YES;
				"CODE_SIGN_IDENTITY[sdk=iphoneos*]" = "iPhone Developer";
				COPY_PHASE_STRIP = NO;
				DEBUG_INFORMATION_FORMAT = "dwarf-with-dsym";
				ENABLE_NS_ASSERTIONS = NO;
				ENABLE_STRICT_OBJC_MSGSEND = YES;
				GCC_C_LANGUAGE_STANDARD = gnu99;
				GCC_NO_COMMON_BLOCKS = YES;
				GCC_WARN_64_TO_32_BIT_CONVERSION = YES;
				GCC_WARN_ABOUT_RETURN_TYPE = YES_ERROR;
				GCC_WARN_UNDECLARED_SELECTOR = YES;
				GCC_WARN_UNINITIALIZED_AUTOS = YES_AGGRESSIVE;
				GCC_WARN_UNUSED_FUNCTION = YES;
				GCC_WARN_UNUSED_VARIABLE = YES;
				IPHONEOS_DEPLOYMENT_TARGET = 10.2;
				MTL_ENABLE_DEBUG_INFO = NO;
				SDKROOT = iphoneos;
				SWIFT_OPTIMIZATION_LEVEL = "-Owholemodule";
				VALIDATE_PRODUCT = YES;
			};
			name = Release;
		};
		70E6DDEB1EE92709003014AB /* Debug */ = {
			isa = XCBuildConfiguration;
			baseConfigurationReference = 0831356CCF6D2F1D1A8E477A /* Pods-taskapp.debug.xcconfig */;
			buildSettings = {
				ASSETCATALOG_COMPILER_APPICON_NAME = AppIcon;
				DEVELOPMENT_TEAM = 7LJAU9YVYL;
				INFOPLIST_FILE = taskapp/Info.plist;
				IPHONEOS_DEPLOYMENT_TARGET = 10.0;
				LD_RUNPATH_SEARCH_PATHS = "$(inherited) @executable_path/Frameworks";
				PRODUCT_BUNDLE_IDENTIFIER = jp.techacademy.naochika.yonezumi.taskapp;
				PRODUCT_NAME = "$(TARGET_NAME)";
				SWIFT_VERSION = 3.0;
			};
			name = Debug;
		};
		70E6DDEC1EE92709003014AB /* Release */ = {
			isa = XCBuildConfiguration;
			baseConfigurationReference = 4D68C94F387050AAB2DF1BA8 /* Pods-taskapp.release.xcconfig */;
			buildSettings = {
				ASSETCATALOG_COMPILER_APPICON_NAME = AppIcon;
				DEVELOPMENT_TEAM = 7LJAU9YVYL;
				INFOPLIST_FILE = taskapp/Info.plist;
				IPHONEOS_DEPLOYMENT_TARGET = 10.0;
				LD_RUNPATH_SEARCH_PATHS = "$(inherited) @executable_path/Frameworks";
				PRODUCT_BUNDLE_IDENTIFIER = jp.techacademy.naochika.yonezumi.taskapp;
				PRODUCT_NAME = "$(TARGET_NAME)";
				SWIFT_VERSION = 3.0;
			};
			name = Release;
		};
/* End XCBuildConfiguration section */

/* Begin XCConfigurationList section */
		70E6DDD31EE92708003014AB /* Build configuration list for PBXProject "taskapp" */ = {
			isa = XCConfigurationList;
			buildConfigurations = (
				70E6DDE81EE92709003014AB /* Debug */,
				70E6DDE91EE92709003014AB /* Release */,
			);
			defaultConfigurationIsVisible = 0;
			defaultConfigurationName = Release;
		};
		70E6DDEA1EE92709003014AB /* Build configuration list for PBXNativeTarget "taskapp" */ = {
			isa = XCConfigurationList;
			buildConfigurations = (
				70E6DDEB1EE92709003014AB /* Debug */,
				70E6DDEC1EE92709003014AB /* Release */,
			);
			defaultConfigurationIsVisible = 0;
			defaultConfigurationName = Release;
		};
/* End XCConfigurationList section */
	};
	rootObject = 70E6DDD01EE92708003014AB /* Project object */;
}
